// !$*UTF8*$!
{
	archiveVersion = 1;
	classes = {
	};
	objectVersion = 50;
	objects = {

/* Begin PBXBuildFile section */
		072C6262210DABE900743F30 /* SquareRootOfInteger.cpp in Sources */ = {isa = PBXBuildFile; fileRef = 072C6260210DABE900743F30 /* SquareRootOfInteger.cpp */; };
		072C6265210DACDF00743F30 /* RotatedSortedArraySearch.cpp in Sources */ = {isa = PBXBuildFile; fileRef = 072C6263210DACDF00743F30 /* RotatedSortedArraySearch.cpp */; };
		072C6268210DADA300743F30 /* MatrixSearch.cpp in Sources */ = {isa = PBXBuildFile; fileRef = 072C6266210DADA300743F30 /* MatrixSearch.cpp */; };
		072C626C210DAEFA00743F30 /* PalindromeString.cpp in Sources */ = {isa = PBXBuildFile; fileRef = 072C626A210DAEFA00743F30 /* PalindromeString.cpp */; };
		072C626F210DAF6F00743F30 /* CountAndSay.cpp in Sources */ = {isa = PBXBuildFile; fileRef = 072C626D210DAF6F00743F30 /* CountAndSay.cpp */; };
		072C6272210DB00900743F30 /* ReverseTheString.cpp in Sources */ = {isa = PBXBuildFile; fileRef = 072C6270210DB00900743F30 /* ReverseTheString.cpp */; };
		072C6275210DB0B200743F30 /* RomanToInteger.cpp in Sources */ = {isa = PBXBuildFile; fileRef = 072C6273210DB0B200743F30 /* RomanToInteger.cpp */; };
		072C6278210DB64C00743F30 /* MaximumAbsoluteDifference.cpp in Sources */ = {isa = PBXBuildFile; fileRef = 072C6276210DB64C00743F30 /* MaximumAbsoluteDifference.cpp */; };
		072C627B210DBDBC00743F30 /* RepeatAndMissingNumberArray.cpp in Sources */ = {isa = PBXBuildFile; fileRef = 072C6279210DBDBC00743F30 /* RepeatAndMissingNumberArray.cpp */; };
		072C627E210DD0A000743F30 /* MaxNonNegativeSubArray.cpp in Sources */ = {isa = PBXBuildFile; fileRef = 072C627C210DD0A000743F30 /* MaxNonNegativeSubArray.cpp */; };
		072C6281210DDC3300743F30 /* Maxspprod.cpp in Sources */ = {isa = PBXBuildFile; fileRef = 072C627F210DDC3300743F30 /* Maxspprod.cpp */; };
		072C6284210DE1B500743F30 /* MergeIntervals.cpp in Sources */ = {isa = PBXBuildFile; fileRef = 072C6282210DE1B500743F30 /* MergeIntervals.cpp */; };
		072C6288210DE94C00743F30 /* PrimeSum.cpp in Sources */ = {isa = PBXBuildFile; fileRef = 072C6286210DE94C00743F30 /* PrimeSum.cpp */; };
		072C628B210DEB5100743F30 /* LargestCoprimeDivisor.cpp in Sources */ = {isa = PBXBuildFile; fileRef = 072C6289210DEB5100743F30 /* LargestCoprimeDivisor.cpp */; };
		072C628E210DEF8200743F30 /* ExcelColumnTitle.cpp in Sources */ = {isa = PBXBuildFile; fileRef = 072C628C210DEF8200743F30 /* ExcelColumnTitle.cpp */; };
		072C62912115B34E00743F30 /* LongestCommonPrefix.cpp in Sources */ = {isa = PBXBuildFile; fileRef = 072C628F2115B34E00743F30 /* LongestCommonPrefix.cpp */; };
		072C62942115B63A00743F30 /* IntegerToRoman.cpp in Sources */ = {isa = PBXBuildFile; fileRef = 072C62922115B63A00743F30 /* IntegerToRoman.cpp */; };
		072C62972115B86500743F30 /* LengthOfLastWord.cpp in Sources */ = {isa = PBXBuildFile; fileRef = 072C62952115B86500743F30 /* LengthOfLastWord.cpp */; };
		072C629A2115BAD600743F30 /* AddBinaryStrings.cpp in Sources */ = {isa = PBXBuildFile; fileRef = 072C62982115BAD600743F30 /* AddBinaryStrings.cpp */; };
		072C629D2115C72D00743F30 /* LongestPalindromicSubstring.cpp in Sources */ = {isa = PBXBuildFile; fileRef = 072C629B2115C72D00743F30 /* LongestPalindromicSubstring.cpp */; };
		072C62A02115CAFA00743F30 /* Atoi.cpp in Sources */ = {isa = PBXBuildFile; fileRef = 072C629E2115CAFA00743F30 /* Atoi.cpp */; };
		072C62A32117134A00743F30 /* ImplementStrStr.cpp in Sources */ = {isa = PBXBuildFile; fileRef = 072C62A12117134A00743F30 /* ImplementStrStr.cpp */; };
		072C62A6211716D600743F30 /* MinimumCharactersRequiredToMakeAStringPalindromic.cpp in Sources */ = {isa = PBXBuildFile; fileRef = 072C62A4211716D600743F30 /* MinimumCharactersRequiredToMakeAStringPalindromic.cpp */; };
		072C62A921171A4F00743F30 /* ZigzagString.cpp in Sources */ = {isa = PBXBuildFile; fileRef = 072C62A721171A4F00743F30 /* ZigzagString.cpp */; };
		072C62AC2117296600743F30 /* ValidIpAddresses.cpp in Sources */ = {isa = PBXBuildFile; fileRef = 072C62AA2117296600743F30 /* ValidIpAddresses.cpp */; };
		072C62AF21172F1A00743F30 /* CompareVersionNumbers.cpp in Sources */ = {isa = PBXBuildFile; fileRef = 072C62AD21172F1A00743F30 /* CompareVersionNumbers.cpp */; };
		072C62B2211732CC00743F30 /* PrettyJson.cpp in Sources */ = {isa = PBXBuildFile; fileRef = 072C62B0211732CC00743F30 /* PrettyJson.cpp */; };
		072C62B521173FDE00743F30 /* MultiplyStrings.cpp in Sources */ = {isa = PBXBuildFile; fileRef = 072C62B321173FDD00743F30 /* MultiplyStrings.cpp */; };
		072C62B82117466C00743F30 /* PaintersPartitionProblem.cpp in Sources */ = {isa = PBXBuildFile; fileRef = 072C62B62117466C00743F30 /* PaintersPartitionProblem.cpp */; };
		07B555AC210362D400A5855E /* main.cpp in Sources */ = {isa = PBXBuildFile; fileRef = 07B555AB210362D400A5855E /* main.cpp */; };
		07B555B72103637C00A5855E /* MinStepsInInfinityGrid.cpp in Sources */ = {isa = PBXBuildFile; fileRef = 07B555B52103637C00A5855E /* MinStepsInInfinityGrid.cpp */; };
		07B555BA2103789300A5855E /* AddOneToNumber.cpp in Sources */ = {isa = PBXBuildFile; fileRef = 07B555B82103789300A5855E /* AddOneToNumber.cpp */; };
		07B555BD21038F1700A5855E /* MaxSumContiguousSubarray.cpp in Sources */ = {isa = PBXBuildFile; fileRef = 07B555BB21038F1700A5855E /* MaxSumContiguousSubarray.cpp */; };
		07B555C02104D60A00A5855E /* KthRowOfPascalsTriangle.cpp in Sources */ = {isa = PBXBuildFile; fileRef = 07B555BE2104D60A00A5855E /* KthRowOfPascalsTriangle.cpp */; };
		07B555C32104D88B00A5855E /* MergeOverlappingIntervals.cpp in Sources */ = {isa = PBXBuildFile; fileRef = 07B555C12104D88B00A5855E /* MergeOverlappingIntervals.cpp */; };
		07B555C62104DC0300A5855E /* PascalTriangle.cpp in Sources */ = {isa = PBXBuildFile; fileRef = 07B555C42104DC0300A5855E /* PascalTriangle.cpp */; };
		07B555C92104DFDA00A5855E /* SetMatrixZeros.cpp in Sources */ = {isa = PBXBuildFile; fileRef = 07B555C72104DFDA00A5855E /* SetMatrixZeros.cpp */; };
		07B555CC2104EED600A5855E /* NobleInteger.cpp in Sources */ = {isa = PBXBuildFile; fileRef = 07B555CA2104EED600A5855E /* NobleInteger.cpp */; };
		07B555CF2104F4F200A5855E /* HotelBookingPossible.cpp in Sources */ = {isa = PBXBuildFile; fileRef = 07B555CD2104F4F200A5855E /* HotelBookingPossible.cpp */; };
		07B555D2210505BA00A5855E /* MaximumUnsortedSubarray.cpp in Sources */ = {isa = PBXBuildFile; fileRef = 07B555D0210505BA00A5855E /* MaximumUnsortedSubarray.cpp */; };
		07B555D82106269200A5855E /* MaxDistance.cpp in Sources */ = {isa = PBXBuildFile; fileRef = 07B555D62106269200A5855E /* MaxDistance.cpp */; };
		07B555DB2106357200A5855E /* FirstMissingInteger.cpp in Sources */ = {isa = PBXBuildFile; fileRef = 07B555D92106357200A5855E /* FirstMissingInteger.cpp */; };
		07B555DF2106377600A5855E /* FizzBuzz.cpp in Sources */ = {isa = PBXBuildFile; fileRef = 07B555DD2106377600A5855E /* FizzBuzz.cpp */; };
		07B555E22106381900A5855E /* RearrangeArray.cpp in Sources */ = {isa = PBXBuildFile; fileRef = 07B555E02106381900A5855E /* RearrangeArray.cpp */; };
		07B555E521063AC000A5855E /* GridUniquePaths.cpp in Sources */ = {isa = PBXBuildFile; fileRef = 07B555E321063AC000A5855E /* GridUniquePaths.cpp */; };
		07B555E821064BC300A5855E /* ExcelColumnNumber.cpp in Sources */ = {isa = PBXBuildFile; fileRef = 07B555E621064BC300A5855E /* ExcelColumnNumber.cpp */; };
		07B555EB21064CB500A5855E /* GreatestCommonDivisor.cpp in Sources */ = {isa = PBXBuildFile; fileRef = 07B555E921064CB500A5855E /* GreatestCommonDivisor.cpp */; };
		07B555EE2106503F00A5855E /* PalindromeInteger.cpp in Sources */ = {isa = PBXBuildFile; fileRef = 07B555EC2106503F00A5855E /* PalindromeInteger.cpp */; };
		07B555F12106526300A5855E /* TrailingZerosInFactorial.cpp in Sources */ = {isa = PBXBuildFile; fileRef = 07B555EF2106526300A5855E /* TrailingZerosInFactorial.cpp */; };
		07B555F4210653D100A5855E /* ReverseInteger.cpp in Sources */ = {isa = PBXBuildFile; fileRef = 07B555F2210653D100A5855E /* ReverseInteger.cpp */; };
		07B555F7210656C300A5855E /* PowerOfTwoIntegers.cpp in Sources */ = {isa = PBXBuildFile; fileRef = 07B555F5210656C300A5855E /* PowerOfTwoIntegers.cpp */; };
		07B555FA2106592500A5855E /* LargestNumber.cpp in Sources */ = {isa = PBXBuildFile; fileRef = 07B555F82106592500A5855E /* LargestNumber.cpp */; };
		07B555FE21065BA800A5855E /* CheckpointLevelTwo.cpp in Sources */ = {isa = PBXBuildFile; fileRef = 07B555FC21065BA800A5855E /* CheckpointLevelTwo.cpp */; };
		07B556012106619700A5855E /* AntiDiagonals.cpp in Sources */ = {isa = PBXBuildFile; fileRef = 07B555FF2106619700A5855E /* AntiDiagonals.cpp */; };
/* End PBXBuildFile section */

/* Begin PBXCopyFilesBuildPhase section */
		07B555A6210362D400A5855E /* CopyFiles */ = {
			isa = PBXCopyFilesBuildPhase;
			buildActionMask = 2147483647;
			dstPath = /usr/share/man/man1/;
			dstSubfolderSpec = 0;
			files = (
			);
			runOnlyForDeploymentPostprocessing = 1;
		};
/* End PBXCopyFilesBuildPhase section */

/* Begin PBXFileReference section */
		072C6260210DABE900743F30 /* SquareRootOfInteger.cpp */ = {isa = PBXFileReference; lastKnownFileType = sourcecode.cpp.cpp; path = SquareRootOfInteger.cpp; sourceTree = "<group>"; };
		072C6261210DABE900743F30 /* SquareRootOfInteger.hpp */ = {isa = PBXFileReference; lastKnownFileType = sourcecode.cpp.h; path = SquareRootOfInteger.hpp; sourceTree = "<group>"; };
		072C6263210DACDF00743F30 /* RotatedSortedArraySearch.cpp */ = {isa = PBXFileReference; lastKnownFileType = sourcecode.cpp.cpp; path = RotatedSortedArraySearch.cpp; sourceTree = "<group>"; };
		072C6264210DACDF00743F30 /* RotatedSortedArraySearch.hpp */ = {isa = PBXFileReference; lastKnownFileType = sourcecode.cpp.h; path = RotatedSortedArraySearch.hpp; sourceTree = "<group>"; };
		072C6266210DADA300743F30 /* MatrixSearch.cpp */ = {isa = PBXFileReference; lastKnownFileType = sourcecode.cpp.cpp; path = MatrixSearch.cpp; sourceTree = "<group>"; };
		072C6267210DADA300743F30 /* MatrixSearch.hpp */ = {isa = PBXFileReference; lastKnownFileType = sourcecode.cpp.h; path = MatrixSearch.hpp; sourceTree = "<group>"; };
		072C626A210DAEFA00743F30 /* PalindromeString.cpp */ = {isa = PBXFileReference; lastKnownFileType = sourcecode.cpp.cpp; path = PalindromeString.cpp; sourceTree = "<group>"; };
		072C626B210DAEFA00743F30 /* PalindromeString.hpp */ = {isa = PBXFileReference; lastKnownFileType = sourcecode.cpp.h; path = PalindromeString.hpp; sourceTree = "<group>"; };
		072C626D210DAF6F00743F30 /* CountAndSay.cpp */ = {isa = PBXFileReference; lastKnownFileType = sourcecode.cpp.cpp; path = CountAndSay.cpp; sourceTree = "<group>"; };
		072C626E210DAF6F00743F30 /* CountAndSay.hpp */ = {isa = PBXFileReference; lastKnownFileType = sourcecode.cpp.h; path = CountAndSay.hpp; sourceTree = "<group>"; };
		072C6270210DB00900743F30 /* ReverseTheString.cpp */ = {isa = PBXFileReference; lastKnownFileType = sourcecode.cpp.cpp; path = ReverseTheString.cpp; sourceTree = "<group>"; };
		072C6271210DB00900743F30 /* ReverseTheString.hpp */ = {isa = PBXFileReference; lastKnownFileType = sourcecode.cpp.h; path = ReverseTheString.hpp; sourceTree = "<group>"; };
		072C6273210DB0B200743F30 /* RomanToInteger.cpp */ = {isa = PBXFileReference; lastKnownFileType = sourcecode.cpp.cpp; path = RomanToInteger.cpp; sourceTree = "<group>"; };
		072C6274210DB0B200743F30 /* RomanToInteger.hpp */ = {isa = PBXFileReference; lastKnownFileType = sourcecode.cpp.h; path = RomanToInteger.hpp; sourceTree = "<group>"; };
		072C6276210DB64C00743F30 /* MaximumAbsoluteDifference.cpp */ = {isa = PBXFileReference; lastKnownFileType = sourcecode.cpp.cpp; path = MaximumAbsoluteDifference.cpp; sourceTree = "<group>"; };
		072C6277210DB64C00743F30 /* MaximumAbsoluteDifference.hpp */ = {isa = PBXFileReference; lastKnownFileType = sourcecode.cpp.h; path = MaximumAbsoluteDifference.hpp; sourceTree = "<group>"; };
		072C6279210DBDBC00743F30 /* RepeatAndMissingNumberArray.cpp */ = {isa = PBXFileReference; lastKnownFileType = sourcecode.cpp.cpp; path = RepeatAndMissingNumberArray.cpp; sourceTree = "<group>"; };
		072C627A210DBDBC00743F30 /* RepeatAndMissingNumberArray.hpp */ = {isa = PBXFileReference; lastKnownFileType = sourcecode.cpp.h; path = RepeatAndMissingNumberArray.hpp; sourceTree = "<group>"; };
		072C627C210DD0A000743F30 /* MaxNonNegativeSubArray.cpp */ = {isa = PBXFileReference; lastKnownFileType = sourcecode.cpp.cpp; path = MaxNonNegativeSubArray.cpp; sourceTree = "<group>"; };
		072C627D210DD0A000743F30 /* MaxNonNegativeSubArray.hpp */ = {isa = PBXFileReference; lastKnownFileType = sourcecode.cpp.h; path = MaxNonNegativeSubArray.hpp; sourceTree = "<group>"; };
		072C627F210DDC3300743F30 /* Maxspprod.cpp */ = {isa = PBXFileReference; lastKnownFileType = sourcecode.cpp.cpp; path = Maxspprod.cpp; sourceTree = "<group>"; };
		072C6280210DDC3300743F30 /* Maxspprod.hpp */ = {isa = PBXFileReference; lastKnownFileType = sourcecode.cpp.h; path = Maxspprod.hpp; sourceTree = "<group>"; };
		072C6282210DE1B500743F30 /* MergeIntervals.cpp */ = {isa = PBXFileReference; lastKnownFileType = sourcecode.cpp.cpp; path = MergeIntervals.cpp; sourceTree = "<group>"; };
		072C6283210DE1B500743F30 /* MergeIntervals.hpp */ = {isa = PBXFileReference; lastKnownFileType = sourcecode.cpp.h; path = MergeIntervals.hpp; sourceTree = "<group>"; };
		072C6285210DE1DD00743F30 /* Interval.h */ = {isa = PBXFileReference; lastKnownFileType = sourcecode.c.h; path = Interval.h; sourceTree = "<group>"; };
		072C6286210DE94C00743F30 /* PrimeSum.cpp */ = {isa = PBXFileReference; lastKnownFileType = sourcecode.cpp.cpp; path = PrimeSum.cpp; sourceTree = "<group>"; };
		072C6287210DE94C00743F30 /* PrimeSum.hpp */ = {isa = PBXFileReference; lastKnownFileType = sourcecode.cpp.h; path = PrimeSum.hpp; sourceTree = "<group>"; };
		072C6289210DEB5100743F30 /* LargestCoprimeDivisor.cpp */ = {isa = PBXFileReference; lastKnownFileType = sourcecode.cpp.cpp; path = LargestCoprimeDivisor.cpp; sourceTree = "<group>"; };
		072C628A210DEB5100743F30 /* LargestCoprimeDivisor.hpp */ = {isa = PBXFileReference; lastKnownFileType = sourcecode.cpp.h; path = LargestCoprimeDivisor.hpp; sourceTree = "<group>"; };
		072C628C210DEF8200743F30 /* ExcelColumnTitle.cpp */ = {isa = PBXFileReference; lastKnownFileType = sourcecode.cpp.cpp; path = ExcelColumnTitle.cpp; sourceTree = "<group>"; };
		072C628D210DEF8200743F30 /* ExcelColumnTitle.hpp */ = {isa = PBXFileReference; lastKnownFileType = sourcecode.cpp.h; path = ExcelColumnTitle.hpp; sourceTree = "<group>"; };
		072C628F2115B34E00743F30 /* LongestCommonPrefix.cpp */ = {isa = PBXFileReference; lastKnownFileType = sourcecode.cpp.cpp; path = LongestCommonPrefix.cpp; sourceTree = "<group>"; };
		072C62902115B34E00743F30 /* LongestCommonPrefix.hpp */ = {isa = PBXFileReference; lastKnownFileType = sourcecode.cpp.h; path = LongestCommonPrefix.hpp; sourceTree = "<group>"; };
		072C62922115B63A00743F30 /* IntegerToRoman.cpp */ = {isa = PBXFileReference; lastKnownFileType = sourcecode.cpp.cpp; path = IntegerToRoman.cpp; sourceTree = "<group>"; };
		072C62932115B63A00743F30 /* IntegerToRoman.hpp */ = {isa = PBXFileReference; lastKnownFileType = sourcecode.cpp.h; path = IntegerToRoman.hpp; sourceTree = "<group>"; };
		072C62952115B86500743F30 /* LengthOfLastWord.cpp */ = {isa = PBXFileReference; lastKnownFileType = sourcecode.cpp.cpp; path = LengthOfLastWord.cpp; sourceTree = "<group>"; };
		072C62962115B86500743F30 /* LengthOfLastWord.hpp */ = {isa = PBXFileReference; lastKnownFileType = sourcecode.cpp.h; path = LengthOfLastWord.hpp; sourceTree = "<group>"; };
		072C62982115BAD600743F30 /* AddBinaryStrings.cpp */ = {isa = PBXFileReference; lastKnownFileType = sourcecode.cpp.cpp; path = AddBinaryStrings.cpp; sourceTree = "<group>"; };
		072C62992115BAD600743F30 /* AddBinaryStrings.hpp */ = {isa = PBXFileReference; lastKnownFileType = sourcecode.cpp.h; path = AddBinaryStrings.hpp; sourceTree = "<group>"; };
		072C629B2115C72D00743F30 /* LongestPalindromicSubstring.cpp */ = {isa = PBXFileReference; lastKnownFileType = sourcecode.cpp.cpp; path = LongestPalindromicSubstring.cpp; sourceTree = "<group>"; };
		072C629C2115C72D00743F30 /* LongestPalindromicSubstring.hpp */ = {isa = PBXFileReference; lastKnownFileType = sourcecode.cpp.h; path = LongestPalindromicSubstring.hpp; sourceTree = "<group>"; };
		072C629E2115CAFA00743F30 /* Atoi.cpp */ = {isa = PBXFileReference; lastKnownFileType = sourcecode.cpp.cpp; path = Atoi.cpp; sourceTree = "<group>"; };
		072C629F2115CAFA00743F30 /* Atoi.hpp */ = {isa = PBXFileReference; lastKnownFileType = sourcecode.cpp.h; path = Atoi.hpp; sourceTree = "<group>"; };
		072C62A12117134A00743F30 /* ImplementStrStr.cpp */ = {isa = PBXFileReference; lastKnownFileType = sourcecode.cpp.cpp; path = ImplementStrStr.cpp; sourceTree = "<group>"; };
		072C62A22117134A00743F30 /* ImplementStrStr.hpp */ = {isa = PBXFileReference; lastKnownFileType = sourcecode.cpp.h; path = ImplementStrStr.hpp; sourceTree = "<group>"; };
		072C62A4211716D600743F30 /* MinimumCharactersRequiredToMakeAStringPalindromic.cpp */ = {isa = PBXFileReference; lastKnownFileType = sourcecode.cpp.cpp; path = MinimumCharactersRequiredToMakeAStringPalindromic.cpp; sourceTree = "<group>"; };
		072C62A5211716D600743F30 /* MinimumCharactersRequiredToMakeAStringPalindromic.hpp */ = {isa = PBXFileReference; lastKnownFileType = sourcecode.cpp.h; path = MinimumCharactersRequiredToMakeAStringPalindromic.hpp; sourceTree = "<group>"; };
		072C62A721171A4F00743F30 /* ZigzagString.cpp */ = {isa = PBXFileReference; lastKnownFileType = sourcecode.cpp.cpp; path = ZigzagString.cpp; sourceTree = "<group>"; };
		072C62A821171A4F00743F30 /* ZigzagString.hpp */ = {isa = PBXFileReference; lastKnownFileType = sourcecode.cpp.h; path = ZigzagString.hpp; sourceTree = "<group>"; };
		072C62AA2117296600743F30 /* ValidIpAddresses.cpp */ = {isa = PBXFileReference; lastKnownFileType = sourcecode.cpp.cpp; path = ValidIpAddresses.cpp; sourceTree = "<group>"; };
		072C62AB2117296600743F30 /* ValidIpAddresses.hpp */ = {isa = PBXFileReference; lastKnownFileType = sourcecode.cpp.h; path = ValidIpAddresses.hpp; sourceTree = "<group>"; };
		072C62AD21172F1A00743F30 /* CompareVersionNumbers.cpp */ = {isa = PBXFileReference; lastKnownFileType = sourcecode.cpp.cpp; path = CompareVersionNumbers.cpp; sourceTree = "<group>"; };
		072C62AE21172F1A00743F30 /* CompareVersionNumbers.hpp */ = {isa = PBXFileReference; lastKnownFileType = sourcecode.cpp.h; path = CompareVersionNumbers.hpp; sourceTree = "<group>"; };
		072C62B0211732CC00743F30 /* PrettyJson.cpp */ = {isa = PBXFileReference; lastKnownFileType = sourcecode.cpp.cpp; path = PrettyJson.cpp; sourceTree = "<group>"; };
		072C62B1211732CC00743F30 /* PrettyJson.hpp */ = {isa = PBXFileReference; lastKnownFileType = sourcecode.cpp.h; path = PrettyJson.hpp; sourceTree = "<group>"; };
		072C62B321173FDD00743F30 /* MultiplyStrings.cpp */ = {isa = PBXFileReference; lastKnownFileType = sourcecode.cpp.cpp; path = MultiplyStrings.cpp; sourceTree = "<group>"; };
		072C62B421173FDD00743F30 /* MultiplyStrings.hpp */ = {isa = PBXFileReference; lastKnownFileType = sourcecode.cpp.h; path = MultiplyStrings.hpp; sourceTree = "<group>"; };
		072C62B62117466C00743F30 /* PaintersPartitionProblem.cpp */ = {isa = PBXFileReference; lastKnownFileType = sourcecode.cpp.cpp; path = PaintersPartitionProblem.cpp; sourceTree = "<group>"; };
		072C62B72117466C00743F30 /* PaintersPartitionProblem.hpp */ = {isa = PBXFileReference; lastKnownFileType = sourcecode.cpp.h; path = PaintersPartitionProblem.hpp; sourceTree = "<group>"; };
		07B555A8210362D400A5855E /* Interviewbit */ = {isa = PBXFileReference; explicitFileType = "compiled.mach-o.executable"; includeInIndex = 0; path = Interviewbit; sourceTree = BUILT_PRODUCTS_DIR; };
		07B555AB210362D400A5855E /* main.cpp */ = {isa = PBXFileReference; lastKnownFileType = sourcecode.cpp.cpp; path = main.cpp; sourceTree = "<group>"; };
		07B555B52103637C00A5855E /* MinStepsInInfinityGrid.cpp */ = {isa = PBXFileReference; lastKnownFileType = sourcecode.cpp.cpp; path = MinStepsInInfinityGrid.cpp; sourceTree = "<group>"; };
		07B555B62103637C00A5855E /* MinStepsInInfinityGrid.hpp */ = {isa = PBXFileReference; lastKnownFileType = sourcecode.cpp.h; path = MinStepsInInfinityGrid.hpp; sourceTree = "<group>"; };
		07B555B82103789300A5855E /* AddOneToNumber.cpp */ = {isa = PBXFileReference; lastKnownFileType = sourcecode.cpp.cpp; path = AddOneToNumber.cpp; sourceTree = "<group>"; };
		07B555B92103789300A5855E /* AddOneToNumber.hpp */ = {isa = PBXFileReference; lastKnownFileType = sourcecode.cpp.h; path = AddOneToNumber.hpp; sourceTree = "<group>"; };
		07B555BB21038F1700A5855E /* MaxSumContiguousSubarray.cpp */ = {isa = PBXFileReference; lastKnownFileType = sourcecode.cpp.cpp; path = MaxSumContiguousSubarray.cpp; sourceTree = "<group>"; };
		07B555BC21038F1700A5855E /* MaxSumContiguousSubarray.hpp */ = {isa = PBXFileReference; lastKnownFileType = sourcecode.cpp.h; path = MaxSumContiguousSubarray.hpp; sourceTree = "<group>"; };
		07B555BE2104D60A00A5855E /* KthRowOfPascalsTriangle.cpp */ = {isa = PBXFileReference; lastKnownFileType = sourcecode.cpp.cpp; path = KthRowOfPascalsTriangle.cpp; sourceTree = "<group>"; };
		07B555BF2104D60A00A5855E /* KthRowOfPascalsTriangle.hpp */ = {isa = PBXFileReference; lastKnownFileType = sourcecode.cpp.h; path = KthRowOfPascalsTriangle.hpp; sourceTree = "<group>"; };
		07B555C12104D88B00A5855E /* MergeOverlappingIntervals.cpp */ = {isa = PBXFileReference; lastKnownFileType = sourcecode.cpp.cpp; path = MergeOverlappingIntervals.cpp; sourceTree = "<group>"; };
		07B555C22104D88B00A5855E /* MergeOverlappingIntervals.hpp */ = {isa = PBXFileReference; lastKnownFileType = sourcecode.cpp.h; path = MergeOverlappingIntervals.hpp; sourceTree = "<group>"; };
		07B555C42104DC0300A5855E /* PascalTriangle.cpp */ = {isa = PBXFileReference; lastKnownFileType = sourcecode.cpp.cpp; path = PascalTriangle.cpp; sourceTree = "<group>"; };
		07B555C52104DC0300A5855E /* PascalTriangle.hpp */ = {isa = PBXFileReference; lastKnownFileType = sourcecode.cpp.h; path = PascalTriangle.hpp; sourceTree = "<group>"; };
		07B555C72104DFDA00A5855E /* SetMatrixZeros.cpp */ = {isa = PBXFileReference; lastKnownFileType = sourcecode.cpp.cpp; path = SetMatrixZeros.cpp; sourceTree = "<group>"; };
		07B555C82104DFDA00A5855E /* SetMatrixZeros.hpp */ = {isa = PBXFileReference; lastKnownFileType = sourcecode.cpp.h; path = SetMatrixZeros.hpp; sourceTree = "<group>"; };
		07B555CA2104EED600A5855E /* NobleInteger.cpp */ = {isa = PBXFileReference; lastKnownFileType = sourcecode.cpp.cpp; path = NobleInteger.cpp; sourceTree = "<group>"; };
		07B555CB2104EED600A5855E /* NobleInteger.hpp */ = {isa = PBXFileReference; lastKnownFileType = sourcecode.cpp.h; path = NobleInteger.hpp; sourceTree = "<group>"; };
		07B555CD2104F4F200A5855E /* HotelBookingPossible.cpp */ = {isa = PBXFileReference; lastKnownFileType = sourcecode.cpp.cpp; path = HotelBookingPossible.cpp; sourceTree = "<group>"; };
		07B555CE2104F4F200A5855E /* HotelBookingPossible.hpp */ = {isa = PBXFileReference; lastKnownFileType = sourcecode.cpp.h; path = HotelBookingPossible.hpp; sourceTree = "<group>"; };
		07B555D0210505BA00A5855E /* MaximumUnsortedSubarray.cpp */ = {isa = PBXFileReference; lastKnownFileType = sourcecode.cpp.cpp; path = MaximumUnsortedSubarray.cpp; sourceTree = "<group>"; };
		07B555D1210505BA00A5855E /* MaximumUnsortedSubarray.hpp */ = {isa = PBXFileReference; lastKnownFileType = sourcecode.cpp.h; path = MaximumUnsortedSubarray.hpp; sourceTree = "<group>"; };
		07B555D62106269200A5855E /* MaxDistance.cpp */ = {isa = PBXFileReference; lastKnownFileType = sourcecode.cpp.cpp; path = MaxDistance.cpp; sourceTree = "<group>"; };
		07B555D72106269200A5855E /* MaxDistance.hpp */ = {isa = PBXFileReference; lastKnownFileType = sourcecode.cpp.h; path = MaxDistance.hpp; sourceTree = "<group>"; };
		07B555D92106357200A5855E /* FirstMissingInteger.cpp */ = {isa = PBXFileReference; lastKnownFileType = sourcecode.cpp.cpp; path = FirstMissingInteger.cpp; sourceTree = "<group>"; };
		07B555DA2106357200A5855E /* FirstMissingInteger.hpp */ = {isa = PBXFileReference; lastKnownFileType = sourcecode.cpp.h; path = FirstMissingInteger.hpp; sourceTree = "<group>"; };
		07B555DD2106377600A5855E /* FizzBuzz.cpp */ = {isa = PBXFileReference; lastKnownFileType = sourcecode.cpp.cpp; path = FizzBuzz.cpp; sourceTree = "<group>"; };
		07B555DE2106377600A5855E /* FizzBuzz.hpp */ = {isa = PBXFileReference; lastKnownFileType = sourcecode.cpp.h; path = FizzBuzz.hpp; sourceTree = "<group>"; };
		07B555E02106381900A5855E /* RearrangeArray.cpp */ = {isa = PBXFileReference; lastKnownFileType = sourcecode.cpp.cpp; path = RearrangeArray.cpp; sourceTree = "<group>"; };
		07B555E12106381900A5855E /* RearrangeArray.hpp */ = {isa = PBXFileReference; lastKnownFileType = sourcecode.cpp.h; path = RearrangeArray.hpp; sourceTree = "<group>"; };
		07B555E321063AC000A5855E /* GridUniquePaths.cpp */ = {isa = PBXFileReference; lastKnownFileType = sourcecode.cpp.cpp; path = GridUniquePaths.cpp; sourceTree = "<group>"; };
		07B555E421063AC000A5855E /* GridUniquePaths.hpp */ = {isa = PBXFileReference; lastKnownFileType = sourcecode.cpp.h; path = GridUniquePaths.hpp; sourceTree = "<group>"; };
		07B555E621064BC300A5855E /* ExcelColumnNumber.cpp */ = {isa = PBXFileReference; lastKnownFileType = sourcecode.cpp.cpp; path = ExcelColumnNumber.cpp; sourceTree = "<group>"; };
		07B555E721064BC300A5855E /* ExcelColumnNumber.hpp */ = {isa = PBXFileReference; lastKnownFileType = sourcecode.cpp.h; path = ExcelColumnNumber.hpp; sourceTree = "<group>"; };
		07B555E921064CB500A5855E /* GreatestCommonDivisor.cpp */ = {isa = PBXFileReference; lastKnownFileType = sourcecode.cpp.cpp; path = GreatestCommonDivisor.cpp; sourceTree = "<group>"; };
		07B555EA21064CB500A5855E /* GreatestCommonDivisor.hpp */ = {isa = PBXFileReference; lastKnownFileType = sourcecode.cpp.h; path = GreatestCommonDivisor.hpp; sourceTree = "<group>"; };
		07B555EC2106503F00A5855E /* PalindromeInteger.cpp */ = {isa = PBXFileReference; lastKnownFileType = sourcecode.cpp.cpp; path = PalindromeInteger.cpp; sourceTree = "<group>"; };
		07B555ED2106503F00A5855E /* PalindromeInteger.hpp */ = {isa = PBXFileReference; lastKnownFileType = sourcecode.cpp.h; path = PalindromeInteger.hpp; sourceTree = "<group>"; };
		07B555EF2106526300A5855E /* TrailingZerosInFactorial.cpp */ = {isa = PBXFileReference; lastKnownFileType = sourcecode.cpp.cpp; path = TrailingZerosInFactorial.cpp; sourceTree = "<group>"; };
		07B555F02106526300A5855E /* TrailingZerosInFactorial.hpp */ = {isa = PBXFileReference; lastKnownFileType = sourcecode.cpp.h; path = TrailingZerosInFactorial.hpp; sourceTree = "<group>"; };
		07B555F2210653D100A5855E /* ReverseInteger.cpp */ = {isa = PBXFileReference; lastKnownFileType = sourcecode.cpp.cpp; path = ReverseInteger.cpp; sourceTree = "<group>"; };
		07B555F3210653D100A5855E /* ReverseInteger.hpp */ = {isa = PBXFileReference; lastKnownFileType = sourcecode.cpp.h; path = ReverseInteger.hpp; sourceTree = "<group>"; };
		07B555F5210656C300A5855E /* PowerOfTwoIntegers.cpp */ = {isa = PBXFileReference; lastKnownFileType = sourcecode.cpp.cpp; path = PowerOfTwoIntegers.cpp; sourceTree = "<group>"; };
		07B555F6210656C300A5855E /* PowerOfTwoIntegers.hpp */ = {isa = PBXFileReference; lastKnownFileType = sourcecode.cpp.h; path = PowerOfTwoIntegers.hpp; sourceTree = "<group>"; };
		07B555F82106592500A5855E /* LargestNumber.cpp */ = {isa = PBXFileReference; lastKnownFileType = sourcecode.cpp.cpp; path = LargestNumber.cpp; sourceTree = "<group>"; };
		07B555F92106592500A5855E /* LargestNumber.hpp */ = {isa = PBXFileReference; lastKnownFileType = sourcecode.cpp.h; path = LargestNumber.hpp; sourceTree = "<group>"; };
		07B555FC21065BA800A5855E /* CheckpointLevelTwo.cpp */ = {isa = PBXFileReference; lastKnownFileType = sourcecode.cpp.cpp; path = CheckpointLevelTwo.cpp; sourceTree = "<group>"; };
		07B555FD21065BA800A5855E /* CheckpointLevelTwo.hpp */ = {isa = PBXFileReference; lastKnownFileType = sourcecode.cpp.h; path = CheckpointLevelTwo.hpp; sourceTree = "<group>"; };
		07B555FF2106619700A5855E /* AntiDiagonals.cpp */ = {isa = PBXFileReference; lastKnownFileType = sourcecode.cpp.cpp; path = AntiDiagonals.cpp; sourceTree = "<group>"; };
		07B556002106619700A5855E /* AntiDiagonals.hpp */ = {isa = PBXFileReference; lastKnownFileType = sourcecode.cpp.h; path = AntiDiagonals.hpp; sourceTree = "<group>"; };
/* End PBXFileReference section */

/* Begin PBXFrameworksBuildPhase section */
		07B555A5210362D400A5855E /* Frameworks */ = {
			isa = PBXFrameworksBuildPhase;
			buildActionMask = 2147483647;
			files = (
			);
			runOnlyForDeploymentPostprocessing = 0;
		};
/* End PBXFrameworksBuildPhase section */

/* Begin PBXGroup section */
		072C625F210DABB900743F30 /* BinarySearch */ = {
			isa = PBXGroup;
			children = (
				072C6260210DABE900743F30 /* SquareRootOfInteger.cpp */,
				072C6261210DABE900743F30 /* SquareRootOfInteger.hpp */,
				072C6263210DACDF00743F30 /* RotatedSortedArraySearch.cpp */,
				072C6264210DACDF00743F30 /* RotatedSortedArraySearch.hpp */,
				072C6266210DADA300743F30 /* MatrixSearch.cpp */,
				072C6267210DADA300743F30 /* MatrixSearch.hpp */,
				072C62B62117466C00743F30 /* PaintersPartitionProblem.cpp */,
				072C62B72117466C00743F30 /* PaintersPartitionProblem.hpp */,
			);
			path = BinarySearch;
			sourceTree = "<group>";
		};
		072C6269210DAED900743F30 /* Strings */ = {
			isa = PBXGroup;
			children = (
				072C626A210DAEFA00743F30 /* PalindromeString.cpp */,
				072C626B210DAEFA00743F30 /* PalindromeString.hpp */,
				072C626D210DAF6F00743F30 /* CountAndSay.cpp */,
				072C626E210DAF6F00743F30 /* CountAndSay.hpp */,
				072C6270210DB00900743F30 /* ReverseTheString.cpp */,
				072C6271210DB00900743F30 /* ReverseTheString.hpp */,
				072C6273210DB0B200743F30 /* RomanToInteger.cpp */,
				072C6274210DB0B200743F30 /* RomanToInteger.hpp */,
				072C628F2115B34E00743F30 /* LongestCommonPrefix.cpp */,
				072C62902115B34E00743F30 /* LongestCommonPrefix.hpp */,
				072C62922115B63A00743F30 /* IntegerToRoman.cpp */,
				072C62932115B63A00743F30 /* IntegerToRoman.hpp */,
				072C62952115B86500743F30 /* LengthOfLastWord.cpp */,
				072C62962115B86500743F30 /* LengthOfLastWord.hpp */,
				072C62982115BAD600743F30 /* AddBinaryStrings.cpp */,
				072C62992115BAD600743F30 /* AddBinaryStrings.hpp */,
				072C629B2115C72D00743F30 /* LongestPalindromicSubstring.cpp */,
				072C629C2115C72D00743F30 /* LongestPalindromicSubstring.hpp */,
				072C629E2115CAFA00743F30 /* Atoi.cpp */,
				072C629F2115CAFA00743F30 /* Atoi.hpp */,
				072C62A12117134A00743F30 /* ImplementStrStr.cpp */,
				072C62A22117134A00743F30 /* ImplementStrStr.hpp */,
				072C62A4211716D600743F30 /* MinimumCharactersRequiredToMakeAStringPalindromic.cpp */,
				072C62A5211716D600743F30 /* MinimumCharactersRequiredToMakeAStringPalindromic.hpp */,
				072C62A721171A4F00743F30 /* ZigzagString.cpp */,
				072C62A821171A4F00743F30 /* ZigzagString.hpp */,
				072C62AA2117296600743F30 /* ValidIpAddresses.cpp */,
				072C62AB2117296600743F30 /* ValidIpAddresses.hpp */,
				072C62AD21172F1A00743F30 /* CompareVersionNumbers.cpp */,
				072C62AE21172F1A00743F30 /* CompareVersionNumbers.hpp */,
				072C62B0211732CC00743F30 /* PrettyJson.cpp */,
				072C62B1211732CC00743F30 /* PrettyJson.hpp */,
				072C62B321173FDD00743F30 /* MultiplyStrings.cpp */,
				072C62B421173FDD00743F30 /* MultiplyStrings.hpp */,
			);
			path = Strings;
			sourceTree = "<group>";
		};
		07B5559F210362D400A5855E = {
			isa = PBXGroup;
			children = (
				07B555AA210362D400A5855E /* Interviewbit */,
				07B555A9210362D400A5855E /* Products */,
			);
			sourceTree = "<group>";
		};
		07B555A9210362D400A5855E /* Products */ = {
			isa = PBXGroup;
			children = (
				07B555A8210362D400A5855E /* Interviewbit */,
			);
			name = Products;
			sourceTree = "<group>";
		};
		07B555AA210362D400A5855E /* Interviewbit */ = {
			isa = PBXGroup;
			children = (
				072C6269210DAED900743F30 /* Strings */,
				072C625F210DABB900743F30 /* BinarySearch */,
				07B555FB21065B9100A5855E /* checkpoints */,
				07B555DC2106376300A5855E /* math */,
				07B555B32103633900A5855E /* arrays */,
				07B555AB210362D400A5855E /* main.cpp */,
			);
			path = Interviewbit;
			sourceTree = "<group>";
		};
		07B555B32103633900A5855E /* arrays */ = {
			isa = PBXGroup;
			children = (
				07B555B52103637C00A5855E /* MinStepsInInfinityGrid.cpp */,
				07B555B62103637C00A5855E /* MinStepsInInfinityGrid.hpp */,
				07B555B82103789300A5855E /* AddOneToNumber.cpp */,
				07B555B92103789300A5855E /* AddOneToNumber.hpp */,
				07B555BB21038F1700A5855E /* MaxSumContiguousSubarray.cpp */,
				07B555BC21038F1700A5855E /* MaxSumContiguousSubarray.hpp */,
				07B555BE2104D60A00A5855E /* KthRowOfPascalsTriangle.cpp */,
				07B555BF2104D60A00A5855E /* KthRowOfPascalsTriangle.hpp */,
				07B555C12104D88B00A5855E /* MergeOverlappingIntervals.cpp */,
				07B555C22104D88B00A5855E /* MergeOverlappingIntervals.hpp */,
				07B555C42104DC0300A5855E /* PascalTriangle.cpp */,
				07B555C52104DC0300A5855E /* PascalTriangle.hpp */,
				07B555C72104DFDA00A5855E /* SetMatrixZeros.cpp */,
				07B555C82104DFDA00A5855E /* SetMatrixZeros.hpp */,
				07B555CA2104EED600A5855E /* NobleInteger.cpp */,
				07B555CB2104EED600A5855E /* NobleInteger.hpp */,
				07B555CD2104F4F200A5855E /* HotelBookingPossible.cpp */,
				07B555CE2104F4F200A5855E /* HotelBookingPossible.hpp */,
				07B555D0210505BA00A5855E /* MaximumUnsortedSubarray.cpp */,
				07B555D1210505BA00A5855E /* MaximumUnsortedSubarray.hpp */,
				07B555D62106269200A5855E /* MaxDistance.cpp */,
				07B555D72106269200A5855E /* MaxDistance.hpp */,
				07B555D92106357200A5855E /* FirstMissingInteger.cpp */,
				07B555DA2106357200A5855E /* FirstMissingInteger.hpp */,
				07B555F82106592500A5855E /* LargestNumber.cpp */,
				07B555F92106592500A5855E /* LargestNumber.hpp */,
				07B555FF2106619700A5855E /* AntiDiagonals.cpp */,
				07B556002106619700A5855E /* AntiDiagonals.hpp */,
				072C6276210DB64C00743F30 /* MaximumAbsoluteDifference.cpp */,
				072C6277210DB64C00743F30 /* MaximumAbsoluteDifference.hpp */,
				072C6279210DBDBC00743F30 /* RepeatAndMissingNumberArray.cpp */,
				072C627A210DBDBC00743F30 /* RepeatAndMissingNumberArray.hpp */,
				072C627C210DD0A000743F30 /* MaxNonNegativeSubArray.cpp */,
				072C627D210DD0A000743F30 /* MaxNonNegativeSubArray.hpp */,
				072C627F210DDC3300743F30 /* Maxspprod.cpp */,
				072C6280210DDC3300743F30 /* Maxspprod.hpp */,
				072C6282210DE1B500743F30 /* MergeIntervals.cpp */,
				072C6283210DE1B500743F30 /* MergeIntervals.hpp */,
				072C6285210DE1DD00743F30 /* Interval.h */,
			);
			path = arrays;
			sourceTree = "<group>";
		};
		07B555DC2106376300A5855E /* math */ = {
			isa = PBXGroup;
			children = (
				07B555DD2106377600A5855E /* FizzBuzz.cpp */,
				07B555DE2106377600A5855E /* FizzBuzz.hpp */,
				07B555E02106381900A5855E /* RearrangeArray.cpp */,
				07B555E12106381900A5855E /* RearrangeArray.hpp */,
				07B555E321063AC000A5855E /* GridUniquePaths.cpp */,
				07B555E421063AC000A5855E /* GridUniquePaths.hpp */,
				07B555E621064BC300A5855E /* ExcelColumnNumber.cpp */,
				07B555E721064BC300A5855E /* ExcelColumnNumber.hpp */,
				07B555E921064CB500A5855E /* GreatestCommonDivisor.cpp */,
				07B555EA21064CB500A5855E /* GreatestCommonDivisor.hpp */,
				07B555EC2106503F00A5855E /* PalindromeInteger.cpp */,
				07B555ED2106503F00A5855E /* PalindromeInteger.hpp */,
				07B555EF2106526300A5855E /* TrailingZerosInFactorial.cpp */,
				07B555F02106526300A5855E /* TrailingZerosInFactorial.hpp */,
				07B555F2210653D100A5855E /* ReverseInteger.cpp */,
				07B555F3210653D100A5855E /* ReverseInteger.hpp */,
				07B555F5210656C300A5855E /* PowerOfTwoIntegers.cpp */,
				07B555F6210656C300A5855E /* PowerOfTwoIntegers.hpp */,
				072C6286210DE94C00743F30 /* PrimeSum.cpp */,
				072C6287210DE94C00743F30 /* PrimeSum.hpp */,
				072C6289210DEB5100743F30 /* LargestCoprimeDivisor.cpp */,
				072C628A210DEB5100743F30 /* LargestCoprimeDivisor.hpp */,
				072C628C210DEF8200743F30 /* ExcelColumnTitle.cpp */,
				072C628D210DEF8200743F30 /* ExcelColumnTitle.hpp */,
			);
			path = math;
			sourceTree = "<group>";
		};
		07B555FB21065B9100A5855E /* checkpoints */ = {
			isa = PBXGroup;
			children = (
				07B555FC21065BA800A5855E /* CheckpointLevelTwo.cpp */,
				07B555FD21065BA800A5855E /* CheckpointLevelTwo.hpp */,
			);
			path = checkpoints;
			sourceTree = "<group>";
		};
/* End PBXGroup section */

/* Begin PBXNativeTarget section */
		07B555A7210362D400A5855E /* Interviewbit */ = {
			isa = PBXNativeTarget;
			buildConfigurationList = 07B555AF210362D400A5855E /* Build configuration list for PBXNativeTarget "Interviewbit" */;
			buildPhases = (
				07B555A4210362D400A5855E /* Sources */,
				07B555A5210362D400A5855E /* Frameworks */,
				07B555A6210362D400A5855E /* CopyFiles */,
			);
			buildRules = (
			);
			dependencies = (
			);
			name = Interviewbit;
			productName = Interviewbit;
			productReference = 07B555A8210362D400A5855E /* Interviewbit */;
			productType = "com.apple.product-type.tool";
		};
/* End PBXNativeTarget section */

/* Begin PBXProject section */
		07B555A0210362D400A5855E /* Project object */ = {
			isa = PBXProject;
			attributes = {
				LastUpgradeCheck = 0930;
				ORGANIZATIONNAME = "Димаська";
				TargetAttributes = {
					07B555A7210362D400A5855E = {
						CreatedOnToolsVersion = 9.3.1;
					};
				};
			};
			buildConfigurationList = 07B555A3210362D400A5855E /* Build configuration list for PBXProject "Interviewbit" */;
			compatibilityVersion = "Xcode 9.3";
			developmentRegion = en;
			hasScannedForEncodings = 0;
			knownRegions = (
				en,
			);
			mainGroup = 07B5559F210362D400A5855E;
			productRefGroup = 07B555A9210362D400A5855E /* Products */;
			projectDirPath = "";
			projectRoot = "";
			targets = (
				07B555A7210362D400A5855E /* Interviewbit */,
			);
		};
/* End PBXProject section */

/* Begin PBXSourcesBuildPhase section */
		07B555A4210362D400A5855E /* Sources */ = {
			isa = PBXSourcesBuildPhase;
			buildActionMask = 2147483647;
			files = (
				07B555DB2106357200A5855E /* FirstMissingInteger.cpp in Sources */,
				07B555FE21065BA800A5855E /* CheckpointLevelTwo.cpp in Sources */,
				07B555C62104DC0300A5855E /* PascalTriangle.cpp in Sources */,
				07B555E821064BC300A5855E /* ExcelColumnNumber.cpp in Sources */,
				07B555CF2104F4F200A5855E /* HotelBookingPossible.cpp in Sources */,
				072C629A2115BAD600743F30 /* AddBinaryStrings.cpp in Sources */,
				07B555FA2106592500A5855E /* LargestNumber.cpp in Sources */,
				072C62A921171A4F00743F30 /* ZigzagString.cpp in Sources */,
				072C6278210DB64C00743F30 /* MaximumAbsoluteDifference.cpp in Sources */,
				072C62B2211732CC00743F30 /* PrettyJson.cpp in Sources */,
				072C62AF21172F1A00743F30 /* CompareVersionNumbers.cpp in Sources */,
				072C6284210DE1B500743F30 /* MergeIntervals.cpp in Sources */,
				07B555EE2106503F00A5855E /* PalindromeInteger.cpp in Sources */,
				07B555D82106269200A5855E /* MaxDistance.cpp in Sources */,
				072C627E210DD0A000743F30 /* MaxNonNegativeSubArray.cpp in Sources */,
				072C62972115B86500743F30 /* LengthOfLastWord.cpp in Sources */,
				07B555F4210653D100A5855E /* ReverseInteger.cpp in Sources */,
				072C626F210DAF6F00743F30 /* CountAndSay.cpp in Sources */,
				072C626C210DAEFA00743F30 /* PalindromeString.cpp in Sources */,
				07B555C02104D60A00A5855E /* KthRowOfPascalsTriangle.cpp in Sources */,
				072C6265210DACDF00743F30 /* RotatedSortedArraySearch.cpp in Sources */,
				07B555D2210505BA00A5855E /* MaximumUnsortedSubarray.cpp in Sources */,
				07B555AC210362D400A5855E /* main.cpp in Sources */,
				07B555EB21064CB500A5855E /* GreatestCommonDivisor.cpp in Sources */,
				07B555BD21038F1700A5855E /* MaxSumContiguousSubarray.cpp in Sources */,
				072C6275210DB0B200743F30 /* RomanToInteger.cpp in Sources */,
				072C62B521173FDE00743F30 /* MultiplyStrings.cpp in Sources */,
				072C6288210DE94C00743F30 /* PrimeSum.cpp in Sources */,
				072C629D2115C72D00743F30 /* LongestPalindromicSubstring.cpp in Sources */,
				072C6281210DDC3300743F30 /* Maxspprod.cpp in Sources */,
				07B555F7210656C300A5855E /* PowerOfTwoIntegers.cpp in Sources */,
				07B555E22106381900A5855E /* RearrangeArray.cpp in Sources */,
				07B555DF2106377600A5855E /* FizzBuzz.cpp in Sources */,
				072C628B210DEB5100743F30 /* LargestCoprimeDivisor.cpp in Sources */,
				072C627B210DBDBC00743F30 /* RepeatAndMissingNumberArray.cpp in Sources */,
				07B555C32104D88B00A5855E /* MergeOverlappingIntervals.cpp in Sources */,
				07B555F12106526300A5855E /* TrailingZerosInFactorial.cpp in Sources */,
				072C6268210DADA300743F30 /* MatrixSearch.cpp in Sources */,
				072C62B82117466C00743F30 /* PaintersPartitionProblem.cpp in Sources */,
				072C6272210DB00900743F30 /* ReverseTheString.cpp in Sources */,
				072C62AC2117296600743F30 /* ValidIpAddresses.cpp in Sources */,
				072C62A32117134A00743F30 /* ImplementStrStr.cpp in Sources */,
				07B555BA2103789300A5855E /* AddOneToNumber.cpp in Sources */,
				072C6262210DABE900743F30 /* SquareRootOfInteger.cpp in Sources */,
				07B555CC2104EED600A5855E /* NobleInteger.cpp in Sources */,
				072C62A02115CAFA00743F30 /* Atoi.cpp in Sources */,
				07B555B72103637C00A5855E /* MinStepsInInfinityGrid.cpp in Sources */,
				07B555E521063AC000A5855E /* GridUniquePaths.cpp in Sources */,
				072C62912115B34E00743F30 /* LongestCommonPrefix.cpp in Sources */,
				07B556012106619700A5855E /* AntiDiagonals.cpp in Sources */,
				072C62942115B63A00743F30 /* IntegerToRoman.cpp in Sources */,
				072C628E210DEF8200743F30 /* ExcelColumnTitle.cpp in Sources */,
				072C62A6211716D600743F30 /* MinimumCharactersRequiredToMakeAStringPalindromic.cpp in Sources */,
				07B555C92104DFDA00A5855E /* SetMatrixZeros.cpp in Sources */,
			);
			runOnlyForDeploymentPostprocessing = 0;
		};
/* End PBXSourcesBuildPhase section */

/* Begin XCBuildConfiguration section */
		07B555AD210362D400A5855E /* Debug */ = {
			isa = XCBuildConfiguration;
			buildSettings = {
				ALWAYS_SEARCH_USER_PATHS = NO;
				CLANG_ANALYZER_NONNULL = YES;
				CLANG_ANALYZER_NUMBER_OBJECT_CONVERSION = YES_AGGRESSIVE;
				CLANG_CXX_LANGUAGE_STANDARD = "gnu++14";
				CLANG_CXX_LIBRARY = "libc++";
				CLANG_ENABLE_MODULES = YES;
				CLANG_ENABLE_OBJC_ARC = YES;
				CLANG_ENABLE_OBJC_WEAK = YES;
				CLANG_WARN_BLOCK_CAPTURE_AUTORELEASING = YES;
				CLANG_WARN_BOOL_CONVERSION = YES;
				CLANG_WARN_COMMA = YES;
				CLANG_WARN_CONSTANT_CONVERSION = YES;
				CLANG_WARN_DEPRECATED_OBJC_IMPLEMENTATIONS = YES;
				CLANG_WARN_DIRECT_OBJC_ISA_USAGE = YES_ERROR;
				CLANG_WARN_DOCUMENTATION_COMMENTS = YES;
				CLANG_WARN_EMPTY_BODY = YES;
				CLANG_WARN_ENUM_CONVERSION = YES;
				CLANG_WARN_INFINITE_RECURSION = YES;
				CLANG_WARN_INT_CONVERSION = YES;
				CLANG_WARN_NON_LITERAL_NULL_CONVERSION = YES;
				CLANG_WARN_OBJC_IMPLICIT_RETAIN_SELF = YES;
				CLANG_WARN_OBJC_LITERAL_CONVERSION = YES;
				CLANG_WARN_OBJC_ROOT_CLASS = YES_ERROR;
				CLANG_WARN_RANGE_LOOP_ANALYSIS = YES;
				CLANG_WARN_STRICT_PROTOTYPES = YES;
				CLANG_WARN_SUSPICIOUS_MOVE = YES;
				CLANG_WARN_UNGUARDED_AVAILABILITY = YES_AGGRESSIVE;
				CLANG_WARN_UNREACHABLE_CODE = YES;
				CLANG_WARN__DUPLICATE_METHOD_MATCH = YES;
				CODE_SIGN_IDENTITY = "-";
				COPY_PHASE_STRIP = NO;
				DEBUG_INFORMATION_FORMAT = dwarf;
				ENABLE_STRICT_OBJC_MSGSEND = YES;
				ENABLE_TESTABILITY = YES;
				GCC_C_LANGUAGE_STANDARD = gnu11;
				GCC_DYNAMIC_NO_PIC = NO;
				GCC_NO_COMMON_BLOCKS = YES;
				GCC_OPTIMIZATION_LEVEL = 0;
				GCC_PREPROCESSOR_DEFINITIONS = (
					"DEBUG=1",
					"$(inherited)",
				);
				GCC_WARN_64_TO_32_BIT_CONVERSION = YES;
				GCC_WARN_ABOUT_RETURN_TYPE = YES_ERROR;
				GCC_WARN_UNDECLARED_SELECTOR = YES;
				GCC_WARN_UNINITIALIZED_AUTOS = YES_AGGRESSIVE;
				GCC_WARN_UNUSED_FUNCTION = YES;
				GCC_WARN_UNUSED_VARIABLE = YES;
				MACOSX_DEPLOYMENT_TARGET = 10.13;
				MTL_ENABLE_DEBUG_INFO = YES;
				ONLY_ACTIVE_ARCH = YES;
				SDKROOT = macosx;
			};
			name = Debug;
		};
		07B555AE210362D400A5855E /* Release */ = {
			isa = XCBuildConfiguration;
			buildSettings = {
				ALWAYS_SEARCH_USER_PATHS = NO;
				CLANG_ANALYZER_NONNULL = YES;
				CLANG_ANALYZER_NUMBER_OBJECT_CONVERSION = YES_AGGRESSIVE;
				CLANG_CXX_LANGUAGE_STANDARD = "gnu++14";
				CLANG_CXX_LIBRARY = "libc++";
				CLANG_ENABLE_MODULES = YES;
				CLANG_ENABLE_OBJC_ARC = YES;
				CLANG_ENABLE_OBJC_WEAK = YES;
				CLANG_WARN_BLOCK_CAPTURE_AUTORELEASING = YES;
				CLANG_WARN_BOOL_CONVERSION = YES;
				CLANG_WARN_COMMA = YES;
				CLANG_WARN_CONSTANT_CONVERSION = YES;
				CLANG_WARN_DEPRECATED_OBJC_IMPLEMENTATIONS = YES;
				CLANG_WARN_DIRECT_OBJC_ISA_USAGE = YES_ERROR;
				CLANG_WARN_DOCUMENTATION_COMMENTS = YES;
				CLANG_WARN_EMPTY_BODY = YES;
				CLANG_WARN_ENUM_CONVERSION = YES;
				CLANG_WARN_INFINITE_RECURSION = YES;
				CLANG_WARN_INT_CONVERSION = YES;
				CLANG_WARN_NON_LITERAL_NULL_CONVERSION = YES;
				CLANG_WARN_OBJC_IMPLICIT_RETAIN_SELF = YES;
				CLANG_WARN_OBJC_LITERAL_CONVERSION = YES;
				CLANG_WARN_OBJC_ROOT_CLASS = YES_ERROR;
				CLANG_WARN_RANGE_LOOP_ANALYSIS = YES;
				CLANG_WARN_STRICT_PROTOTYPES = YES;
				CLANG_WARN_SUSPICIOUS_MOVE = YES;
				CLANG_WARN_UNGUARDED_AVAILABILITY = YES_AGGRESSIVE;
				CLANG_WARN_UNREACHABLE_CODE = YES;
				CLANG_WARN__DUPLICATE_METHOD_MATCH = YES;
				CODE_SIGN_IDENTITY = "-";
				COPY_PHASE_STRIP = NO;
				DEBUG_INFORMATION_FORMAT = "dwarf-with-dsym";
				ENABLE_NS_ASSERTIONS = NO;
				ENABLE_STRICT_OBJC_MSGSEND = YES;
				GCC_C_LANGUAGE_STANDARD = gnu11;
				GCC_NO_COMMON_BLOCKS = YES;
				GCC_WARN_64_TO_32_BIT_CONVERSION = YES;
				GCC_WARN_ABOUT_RETURN_TYPE = YES_ERROR;
				GCC_WARN_UNDECLARED_SELECTOR = YES;
				GCC_WARN_UNINITIALIZED_AUTOS = YES_AGGRESSIVE;
				GCC_WARN_UNUSED_FUNCTION = YES;
				GCC_WARN_UNUSED_VARIABLE = YES;
				MACOSX_DEPLOYMENT_TARGET = 10.13;
				MTL_ENABLE_DEBUG_INFO = NO;
				SDKROOT = macosx;
			};
			name = Release;
		};
		07B555B0210362D400A5855E /* Debug */ = {
			isa = XCBuildConfiguration;
			buildSettings = {
				CODE_SIGN_STYLE = Automatic;
				PRODUCT_NAME = "$(TARGET_NAME)";
			};
			name = Debug;
		};
		07B555B1210362D400A5855E /* Release */ = {
			isa = XCBuildConfiguration;
			buildSettings = {
				CODE_SIGN_STYLE = Automatic;
				PRODUCT_NAME = "$(TARGET_NAME)";
			};
			name = Release;
		};
/* End XCBuildConfiguration section */

/* Begin XCConfigurationList section */
		07B555A3210362D400A5855E /* Build configuration list for PBXProject "Interviewbit" */ = {
			isa = XCConfigurationList;
			buildConfigurations = (
				07B555AD210362D400A5855E /* Debug */,
				07B555AE210362D400A5855E /* Release */,
			);
			defaultConfigurationIsVisible = 0;
			defaultConfigurationName = Release;
		};
		07B555AF210362D400A5855E /* Build configuration list for PBXNativeTarget "Interviewbit" */ = {
			isa = XCConfigurationList;
			buildConfigurations = (
				07B555B0210362D400A5855E /* Debug */,
				07B555B1210362D400A5855E /* Release */,
			);
			defaultConfigurationIsVisible = 0;
			defaultConfigurationName = Release;
		};
/* End XCConfigurationList section */
	};
	rootObject = 07B555A0210362D400A5855E /* Project object */;
}
